{
  "name": "protestware-fixture",
  "version": "0.0.1",
  "lockfileVersion": 3,
  "requires": true,
  "packages": {
    "": {
      "name": "protestware-fixture",
      "version": "0.0.1",
      "dependencies": {
        "node-ipc": "10.1.1"
      }
    },
    "node_modules/node-ipc": {
      "version": "10.1.1",
      "resolved": "https://registry.npmjs.org/node-ipc/-/node-ipc-10.1.1.tgz",
      "integrity": "sha512-7v6FDXRtBHmRMxxJ6+lhWHzeKNBlNS5p4FBdGePV0Q5/xc3PXmIBkO9k0Q1KP6QSe6bGHsTBwHA8KkBpzNXmJg==",
      "dependencies": {
        "@achrinza/event-pubsub": "5.0.5",
        "@node-ipc/js-queue": "2.0.3",
        "event-pubsub": "4.3.0",
        "js-message": "1.0.7",
        "js-queue": "2.0.2"
      }
    }
  }
}
