{
  "lockfile_version": "1",
  "packages": {
    "delve@latest": {
      "last_modified": "2026-04-23T13:07:47Z",
      "resolved": "github:NixOS/nixpkgs/01fbdeef22b76df85ea168fbfe1bfd9e63681b30#delve",
      "source": "devbox-search",
      "version": "1.26.1",
      "systems": {
        "aarch64-darwin": {
          "outputs": [
            {
              "name": "out",
              "path": "/nix/store/bdff6lbylj0wi5p1wsbm90ss1zr0qiz8-delve-1.26.1",
              "default": true
            }
          ],
          "store_path": "/nix/store/bdff6lbylj0wi5p1wsbm90ss1zr0qiz8-delve-1.26.1"
        },
        "aarch64-linux": {
          "outputs": [
            {
              "name": "out",
              "path": "/nix/store/2g0yv2gwxrp6rz4d1rx6w5qx0nri93hd-delve-1.26.1",
              "default": true
            }
          ],
          "store_path": "/nix/store/2g0yv2gwxrp6rz4d1rx6w5qx0nri93hd-delve-1.26.1"
        },
        "x86_64-darwin": {
          "outputs": [
            {
              "name": "out",
              "path": "/nix/store/78y4svaacikdphxpi5pghr253j3b4h73-delve-1.26.1",
              "default": true
            }
          ],
          "store_path": "/nix/store/78y4svaacikdphxpi5pghr253j3b4h73-delve-1.26.1"
        },
        "x86_64-linux": {
          "outputs": [
            {
              "name": "out",
              "path": "/nix/store/6qbyi9hnp8haj2xjpcbkn8sgbi8nz61v-delve-1.26.1",
              "default": true
            }
          ],
          "store_path": "/nix/store/6qbyi9hnp8haj2xjpcbkn8sgbi8nz61v-delve-1.26.1"
        }
      }
    },
    "github:NixOS/nixpkgs/nixpkgs-unstable": {
      "last_modified": "2026-03-16T02:27:38Z",
      "resolved": "github:NixOS/nixpkgs/f8573b9c935cfaa162dd62cc9e75ae2db86f85df?lastModified=1773628058&narHash=sha256-hpXH0z3K9xv0fHaje136KY872VT2T5uwxtezlAskQgY%3D"
    },
    "go-task@latest": {
      "last_modified": "2026-02-23T15:40:43Z",
      "resolved": "github:NixOS/nixpkgs/80d901ec0377e19ac3f7bb8c035201e2e098cc97#go-task",
      "source": "devbox-search",
      "version": "3.48.0",
      "systems": {
        "aarch64-darwin": {
          "outputs": [
            {
              "name": "out",
              "path": "/nix/store/lwkw29yi53lijzfjqcp01jkaqa5493wi-go-task-3.48.0",
              "default": true
            }
          ],
          "store_path": "/nix/store/lwkw29yi53lijzfjqcp01jkaqa5493wi-go-task-3.48.0"
        },
        "aarch64-linux": {
          "outputs": [
            {
              "name": "out",
              "path": "/nix/store/f6g3n71njj281hawy8chz56c6dy6icb9-go-task-3.48.0",
              "default": true
            }
          ],
          "store_path": "/nix/store/f6g3n71njj281hawy8chz56c6dy6icb9-go-task-3.48.0"
        },
        "x86_64-darwin": {
          "outputs": [
            {
              "name": "out",
              "path": "/nix/store/8ncbi1skdp8x0h5abwxrawffknrascmq-go-task-3.48.0",
              "default": true
            }
          ],
          "store_path": "/nix/store/8ncbi1skdp8x0h5abwxrawffknrascmq-go-task-3.48.0"
        },
        "x86_64-linux": {
          "outputs": [
            {
              "name": "out",
              "path": "/nix/store/5divyc7qn687x3cyq5gnyh46vgx7g9by-go-task-3.48.0",
              "default": true
            }
          ],
          "store_path": "/nix/store/5divyc7qn687x3cyq5gnyh46vgx7g9by-go-task-3.48.0"
        }
      }
    },
    "go@1.23": {
      "last_modified": "2025-08-08T08:05:48Z",
      "resolved": "github:NixOS/nixpkgs/a3f3e3f2c983e957af6b07a1db98bafd1f87b7a1#go_1_23",
      "source": "devbox-search",
      "version": "1.23.12",
      "systems": {
        "aarch64-darwin": {
          "outputs": [
            {
              "name": "out",
              "path": "/nix/store/ls7j3c95gdy2s5zzlzy751zgly53gs4c-go-1.23.12",
              "default": true
            }
          ],
          "store_path": "/nix/store/ls7j3c95gdy2s5zzlzy751zgly53gs4c-go-1.23.12"
        },
        "aarch64-linux": {
          "outputs": [
            {
              "name": "out",
              "path": "/nix/store/482v99lr94jxbx0c44dyydhxjhzs8na1-go-1.23.12",
              "default": true
            }
          ],
          "store_path": "/nix/store/482v99lr94jxbx0c44dyydhxjhzs8na1-go-1.23.12"
        },
        "x86_64-darwin": {
          "outputs": [
            {
              "name": "out",
              "path": "/nix/store/4xnvg72xnfsyrm426wn91rb594s507ja-go-1.23.12",
              "default": true
            }
          ],
          "store_path": "/nix/store/4xnvg72xnfsyrm426wn91rb594s507ja-go-1.23.12"
        },
        "x86_64-linux": {
          "outputs": [
            {
              "name": "out",
              "path": "/nix/store/nmmw1c5mwf7mzlbk5rnpm1gxvzh6jjw4-go-1.23.12",
              "default": true
            }
          ],
          "store_path": "/nix/store/nmmw1c5mwf7mzlbk5rnpm1gxvzh6jjw4-go-1.23.12"
        }
      }
    },
    "imagemagick@latest": {
      "last_modified": "2026-04-23T13:07:47Z",
      "resolved": "github:NixOS/nixpkgs/01fbdeef22b76df85ea168fbfe1bfd9e63681b30#imagemagick",
      "source": "devbox-search",
      "version": "7.1.2-19",
      "systems": {
        "aarch64-darwin": {
          "outputs": [
            {
              "name": "out",
              "path": "/nix/store/wpzigcx7gxjlwwp37zarhvd3bqa80b8c-imagemagick-7.1.2-19",
              "default": true
            },
            {
              "name": "doc",
              "path": "/nix/store/nbsq26ilsasp7q30yi1a0wg7gphas4yd-imagemagick-7.1.2-19-doc"
            },
            {
              "name": "dev",
              "path": "/nix/store/5aqqkdj4f73paq3g2j4w4hzzr761ikxl-imagemagick-7.1.2-19-dev"
            }
          ],
          "store_path": "/nix/store/wpzigcx7gxjlwwp37zarhvd3bqa80b8c-imagemagick-7.1.2-19"
        },
        "aarch64-linux": {
          "outputs": [
            {
              "name": "out",
              "path": "/nix/store/fwzsk0k739njgrc6akds0gb9dlf35c7j-imagemagick-7.1.2-19",
              "default": true
            },
            {
              "name": "dev",
              "path": "/nix/store/cbix8xr3hapw0gxnb9frs03pmk4qwg03-imagemagick-7.1.2-19-dev"
            },
            {
              "name": "doc",
              "path": "/nix/store/0n8il9kwbiz0iv7v5i2lqgq0b74ysabl-imagemagick-7.1.2-19-doc"
            }
          ],
          "store_path": "/nix/store/fwzsk0k739njgrc6akds0gb9dlf35c7j-imagemagick-7.1.2-19"
        },
        "x86_64-darwin": {
          "outputs": [
            {
              "name": "out",
              "path": "/nix/store/gg9cl0mxb1imfdswpfizk5dj7zrxrwh6-imagemagick-7.1.2-19",
              "default": true
            },
            {
              "name": "dev",
              "path": "/nix/store/lgixyf4qclp6bcm6z76ffpjmzlhvxa4l-imagemagick-7.1.2-19-dev"
            },
            {
              "name": "doc",
              "path": "/nix/store/8lbb1bszlsbva3j87k24vmgznd8lnfzr-imagemagick-7.1.2-19-doc"
            }
          ],
          "store_path": "/nix/store/gg9cl0mxb1imfdswpfizk5dj7zrxrwh6-imagemagick-7.1.2-19"
        },
        "x86_64-linux": {
          "outputs": [
            {
              "name": "out",
              "path": "/nix/store/pjcg9z9zj4hqa7y8jjgsx06rc31q6r8s-imagemagick-7.1.2-19",
              "default": true
            },
            {
              "name": "dev",
              "path": "/nix/store/hn59rqwq5j0z7l13yns903l6ibylwz1g-imagemagick-7.1.2-19-dev"
            },
            {
              "name": "doc",
              "path": "/nix/store/ynxxq1m4789p30i1g8qjlkm9lp80h9c0-imagemagick-7.1.2-19-doc"
            }
          ],
          "store_path": "/nix/store/pjcg9z9zj4hqa7y8jjgsx06rc31q6r8s-imagemagick-7.1.2-19"
        }
      }
    },
    "nodejs_22@latest": {
      "last_modified": "2026-03-07T23:46:50Z",
      "plugin_version": "0.0.2",
      "resolved": "github:NixOS/nixpkgs/0e6cdd5be64608ef630c2e41f8d51d484468492f#nodejs_22",
      "source": "devbox-search",
      "version": "22.22.1",
      "systems": {
        "aarch64-darwin": {
          "outputs": [
            {
              "name": "out",
              "path": "/nix/store/wdx9p4gghi0sls24f5hn8145cpzjqj43-nodejs-22.22.1",
              "default": true
            }
          ],
          "store_path": "/nix/store/wdx9p4gghi0sls24f5hn8145cpzjqj43-nodejs-22.22.1"
        },
        "aarch64-linux": {
          "outputs": [
            {
              "name": "out",
              "path": "/nix/store/glbfk71nc2rx4c1m5zcjhs8jg5wb6lj8-nodejs-22.22.1",
              "default": true
            }
          ],
          "store_path": "/nix/store/glbfk71nc2rx4c1m5zcjhs8jg5wb6lj8-nodejs-22.22.1"
        },
        "x86_64-darwin": {
          "outputs": [
            {
              "name": "out",
              "path": "/nix/store/3xnw8sh8i30b4pfpryrj3f572kkmzcim-nodejs-22.22.1",
              "default": true
            }
          ],
          "store_path": "/nix/store/3xnw8sh8i30b4pfpryrj3f572kkmzcim-nodejs-22.22.1"
        },
        "x86_64-linux": {
          "outputs": [
            {
              "name": "out",
              "path": "/nix/store/gi0p7azcixb20pddx39k5mwnkj6xl4bz-nodejs-22.22.1",
              "default": true
            }
          ],
          "store_path": "/nix/store/gi0p7azcixb20pddx39k5mwnkj6xl4bz-nodejs-22.22.1"
        }
      }
    },
    "watchexec@latest": {
      "last_modified": "2026-03-21T07:29:51Z",
      "resolved": "github:NixOS/nixpkgs/09061f748ee21f68a089cd5d91ec1859cd93d0be#watchexec",
      "source": "devbox-search",
      "version": "2.3.2",
      "systems": {
        "aarch64-darwin": {
          "outputs": [
            {
              "name": "out",
              "path": "/nix/store/8by7n5gg94dc34hgnhz8rc11mrk6k1la-watchexec-2.3.2",
              "default": true
            }
          ],
          "store_path": "/nix/store/8by7n5gg94dc34hgnhz8rc11mrk6k1la-watchexec-2.3.2"
        },
        "aarch64-linux": {
          "outputs": [
            {
              "name": "out",
              "path": "/nix/store/95n815ab58xs07vvywp07yrghvh046qk-watchexec-2.3.2",
              "default": true
            }
          ],
          "store_path": "/nix/store/95n815ab58xs07vvywp07yrghvh046qk-watchexec-2.3.2"
        },
        "x86_64-darwin": {
          "outputs": [
            {
              "name": "out",
              "path": "/nix/store/7sb6fbl15xyyv8r3z3idgqlnhcgqkv2m-watchexec-2.3.2",
              "default": true
            }
          ],
          "store_path": "/nix/store/7sb6fbl15xyyv8r3z3idgqlnhcgqkv2m-watchexec-2.3.2"
        },
        "x86_64-linux": {
          "outputs": [
            {
              "name": "out",
              "path": "/nix/store/hp6rarchx58b998kybcs6ki8gb86i5lk-watchexec-2.3.2",
              "default": true
            }
          ],
          "store_path": "/nix/store/hp6rarchx58b998kybcs6ki8gb86i5lk-watchexec-2.3.2"
        }
      }
    },
    "xdotool@latest": {
      "last_modified": "2026-04-23T13:07:47Z",
      "resolved": "github:NixOS/nixpkgs/01fbdeef22b76df85ea168fbfe1bfd9e63681b30#xdotool",
      "source": "devbox-search",
      "version": "3.20211022.1",
      "systems": {
        "aarch64-linux": {
          "outputs": [
            {
              "name": "out",
              "path": "/nix/store/sjg33axklxl2xn7lm4y00cxwb87r9klg-xdotool-3.20211022.1",
              "default": true
            }
          ],
          "store_path": "/nix/store/sjg33axklxl2xn7lm4y00cxwb87r9klg-xdotool-3.20211022.1"
        },
        "x86_64-linux": {
          "outputs": [
            {
              "name": "out",
              "path": "/nix/store/39xp06psy20hnwhxvm1jhh1iksfdqki7-xdotool-3.20211022.1",
              "default": true
            }
          ],
          "store_path": "/nix/store/39xp06psy20hnwhxvm1jhh1iksfdqki7-xdotool-3.20211022.1"
        }
      }
    },
    "xorg.xorgserver@latest": {
      "last_modified": "2026-01-23T17:20:52Z",
      "resolved": "github:NixOS/nixpkgs/a1bab9e494f5f4939442a57a58d0449a109593fe#xorg.xorgserver",
      "source": "devbox-search",
      "version": "21.1.21",
      "systems": {
        "aarch64-darwin": {
          "outputs": [
            {
              "name": "out",
              "path": "/nix/store/75p8mc7x4ispc3rv53ihzc12bxdknknd-xorg-server-21.1.21",
              "default": true
            },
            {
              "name": "dev",
              "path": "/nix/store/rx2f8nzkjpnkh7pqb9zd870j6i90qq92-xorg-server-21.1.21-dev"
            }
          ],
          "store_path": "/nix/store/75p8mc7x4ispc3rv53ihzc12bxdknknd-xorg-server-21.1.21"
        },
        "aarch64-linux": {
          "outputs": [
            {
              "name": "out",
              "path": "/nix/store/4bhis5784f8r59sbrjvkkd6icvbap91n-xorg-server-21.1.21",
              "default": true
            },
            {
              "name": "dev",
              "path": "/nix/store/ky4xb7ivf4i7i46w0lx6yf0wcj07drjx-xorg-server-21.1.21-dev"
            }
          ],
          "store_path": "/nix/store/4bhis5784f8r59sbrjvkkd6icvbap91n-xorg-server-21.1.21"
        },
        "x86_64-darwin": {
          "outputs": [
            {
              "name": "out",
              "path": "/nix/store/yjnby2dvgjly1d5lk5450xqhyvhz3xmd-xorg-server-21.1.21",
              "default": true
            },
            {
              "name": "dev",
              "path": "/nix/store/bsivsmm9gsglf6jnjj0gq4gz8mplngnp-xorg-server-21.1.21-dev"
            }
          ],
          "store_path": "/nix/store/yjnby2dvgjly1d5lk5450xqhyvhz3xmd-xorg-server-21.1.21"
        },
        "x86_64-linux": {
          "outputs": [
            {
              "name": "out",
              "path": "/nix/store/4ip8dc15r758m8yc30bycq0vxj8ic6yg-xorg-server-21.1.21",
              "default": true
            },
            {
              "name": "dev",
              "path": "/nix/store/gkjzmw807dwnd11kh9pxrj6nvhjgh9hf-xorg-server-21.1.21-dev"
            }
          ],
          "store_path": "/nix/store/4ip8dc15r758m8yc30bycq0vxj8ic6yg-xorg-server-21.1.21"
        }
      }
    }
  }
}
