{
  "lockfile_version": "1",
  "packages": {
    "delve@latest": {
      "last_modified": "2026-04-23T13:07:47Z",
      "resolved": "github:NixOS/nixpkgs/01fbdeef22b76df85ea168fbfe1bfd9e63681b30#delve",
      "source": "devbox-search",
      "version": "1.26.1",
      "systems": {
        "aarch64-darwin": {
          "outputs": [
            {
              "name": "out",
              "path": "/nix/store/bdff6lbylj0wi5p1wsbm90ss1zr0qiz8-delve-1.26.1",
              "default": true
            }
          ],
          "store_path": "/nix/store/bdff6lbylj0wi5p1wsbm90ss1zr0qiz8-delve-1.26.1"
        },
        "aarch64-linux": {
          "outputs": [
            {
              "name": "out",
              "path": "/nix/store/2g0yv2gwxrp6rz4d1rx6w5qx0nri93hd-delve-1.26.1",
              "default": true
            }
          ],
          "store_path": "/nix/store/2g0yv2gwxrp6rz4d1rx6w5qx0nri93hd-delve-1.26.1"
        },
        "x86_64-darwin": {
          "outputs": [
            {
              "name": "out",
              "path": "/nix/store/78y4svaacikdphxpi5pghr253j3b4h73-delve-1.26.1",
              "default": true
            }
          ],
          "store_path": "/nix/store/78y4svaacikdphxpi5pghr253j3b4h73-delve-1.26.1"
        },
        "x86_64-linux": {
          "outputs": [
            {
              "name": "out",
              "path": "/nix/store/6qbyi9hnp8haj2xjpcbkn8sgbi8nz61v-delve-1.26.1",
              "default": true
            }
          ],
          "store_path": "/nix/store/6qbyi9hnp8haj2xjpcbkn8sgbi8nz61v-delve-1.26.1"
        }
      }
    },
    "github:NixOS/nixpkgs/nixpkgs-unstable": {
      "last_modified": "2026-03-16T02:27:38Z",
      "resolved": "github:NixOS/nixpkgs/f8573b9c935cfaa162dd62cc9e75ae2db86f85df?lastModified=1773628058&narHash=sha256-hpXH0z3K9xv0fHaje136KY872VT2T5uwxtezlAskQgY%3D"
    },
    "go-task@latest": {
      "last_modified": "2026-02-23T15:40:43Z",
      "resolved": "github:NixOS/nixpkgs/80d901ec0377e19ac3f7bb8c035201e2e098cc97#go-task",
      "source": "devbox-search",
      "version": "3.48.0",
      "systems": {
        "aarch64-darwin": {
          "outputs": [
            {
              "name": "out",
              "path": "/nix/store/lwkw29yi53lijzfjqcp01jkaqa5493wi-go-task-3.48.0",
              "default": true
            }
          ],
          "store_path": "/nix/store/lwkw29yi53lijzfjqcp01jkaqa5493wi-go-task-3.48.0"
        },
        "aarch64-linux": {
          "outputs": [
            {
              "name": "out",
              "path": "/nix/store/f6g3n71njj281hawy8chz56c6dy6icb9-go-task-3.48.0",
              "default": true
            }
          ],
          "store_path": "/nix/store/f6g3n71njj281hawy8chz56c6dy6icb9-go-task-3.48.0"
        },
        "x86_64-darwin": {
          "outputs": [
            {
              "name": "out",
              "path": "/nix/store/8ncbi1skdp8x0h5abwxrawffknrascmq-go-task-3.48.0",
              "default": true
            }
          ],
          "store_path": "/nix/store/8ncbi1skdp8x0h5abwxrawffknrascmq-go-task-3.48.0"
        },
        "x86_64-linux": {
          "outputs": [
            {
              "name": "out",
              "path": "/nix/store/5divyc7qn687x3cyq5gnyh46vgx7g9by-go-task-3.48.0",
              "default": true
            }
          ],
          "store_path": "/nix/store/5divyc7qn687x3cyq5gnyh46vgx7g9by-go-task-3.48.0"
        }
      }
    },
    "go@1.26": {
      "last_modified": "2026-04-23T13:07:47Z",
      "resolved": "github:NixOS/nixpkgs/01fbdeef22b76df85ea168fbfe1bfd9e63681b30#go",
      "source": "devbox-search",
      "version": "1.26.2",
      "systems": {
        "aarch64-darwin": {
          "outputs": [
            {
              "name": "out",
              "path": "/nix/store/fkzywh7rg8lg1n2p0r161iqjwhz540wx-go-1.26.2",
              "default": true
            }
          ],
          "store_path": "/nix/store/fkzywh7rg8lg1n2p0r161iqjwhz540wx-go-1.26.2"
        },
        "aarch64-linux": {
          "outputs": [
            {
              "name": "out",
              "path": "/nix/store/w4i7p78y3735jcy69sk4lcy9zyxr0cav-go-1.26.2",
              "default": true
            }
          ],
          "store_path": "/nix/store/w4i7p78y3735jcy69sk4lcy9zyxr0cav-go-1.26.2"
        },
        "x86_64-darwin": {
          "outputs": [
            {
              "name": "out",
              "path": "/nix/store/g0b45l45nlb1kqiywzja7fh49yn7lla5-go-1.26.2",
              "default": true
            }
          ],
          "store_path": "/nix/store/g0b45l45nlb1kqiywzja7fh49yn7lla5-go-1.26.2"
        },
        "x86_64-linux": {
          "outputs": [
            {
              "name": "out",
              "path": "/nix/store/dimnagks1qsp7180yw74z0npp7z2ihs3-go-1.26.2",
              "default": true
            }
          ],
          "store_path": "/nix/store/dimnagks1qsp7180yw74z0npp7z2ihs3-go-1.26.2"
        }
      }
    },
    "gtk3@latest": {
      "last_modified": "2026-04-29T01:19:07Z",
      "resolved": "github:NixOS/nixpkgs/ebc08544afa77957cc348ba72dc490ec73b87f68#gtk3",
      "source": "devbox-search",
      "version": "3.24.52",
      "systems": {
        "aarch64-darwin": {
          "outputs": [
            {
              "name": "out",
              "path": "/nix/store/gqgjr7qzmym6x8ywn7644z506213ly83-gtk+3-3.24.52",
              "default": true
            },
            {
              "name": "dev",
              "path": "/nix/store/zzvfw9mzqi9vi2z3dp7p3v6p7hfz2s02-gtk+3-3.24.52-dev"
            },
            {
              "name": "devdoc",
              "path": "/nix/store/pm0bg1p9ixa1zsw7ff9ss4k052fd757b-gtk+3-3.24.52-devdoc"
            }
          ],
          "store_path": "/nix/store/gqgjr7qzmym6x8ywn7644z506213ly83-gtk+3-3.24.52"
        },
        "aarch64-linux": {
          "outputs": [
            {
              "name": "out",
              "path": "/nix/store/svrh48fpyagfr355lp3r0gw9x078nvmm-gtk+3-3.24.52",
              "default": true
            },
            {
              "name": "debug",
              "path": "/nix/store/gfs74yka1b1fmj2iqq1qdgys5j14j62b-gtk+3-3.24.52-debug"
            },
            {
              "name": "dev",
              "path": "/nix/store/n1xnvshr12x863x5bzc4ias2p2hmckr3-gtk+3-3.24.52-dev"
            },
            {
              "name": "devdoc",
              "path": "/nix/store/zam63030dzhhh1wpnyz38fkr7gla33a8-gtk+3-3.24.52-devdoc"
            }
          ],
          "store_path": "/nix/store/svrh48fpyagfr355lp3r0gw9x078nvmm-gtk+3-3.24.52"
        },
        "x86_64-darwin": {
          "outputs": [
            {
              "name": "out",
              "path": "/nix/store/gd4qbqn2f2ahmnq15fwv54dglw28pq8n-gtk+3-3.24.52",
              "default": true
            },
            {
              "name": "dev",
              "path": "/nix/store/skk129r0i0bdqqblyf3l5awnb37z049s-gtk+3-3.24.52-dev"
            },
            {
              "name": "devdoc",
              "path": "/nix/store/cfa6xs893jzz57q50bkdjg86wdryqxnw-gtk+3-3.24.52-devdoc"
            }
          ],
          "store_path": "/nix/store/gd4qbqn2f2ahmnq15fwv54dglw28pq8n-gtk+3-3.24.52"
        },
        "x86_64-linux": {
          "outputs": [
            {
              "name": "out",
              "path": "/nix/store/8ycx83hg9ba53hmlgq9qcfnm5yikd70j-gtk+3-3.24.52",
              "default": true
            },
            {
              "name": "debug",
              "path": "/nix/store/flrdish1q6wsxwkkmq08dvkgys0clwzw-gtk+3-3.24.52-debug"
            },
            {
              "name": "dev",
              "path": "/nix/store/fl75ki4bwr8lj8w63c1yr4v3np177sv7-gtk+3-3.24.52-dev"
            },
            {
              "name": "devdoc",
              "path": "/nix/store/dlymyi6zswb187jsdbacnmpy2haqp0mx-gtk+3-3.24.52-devdoc"
            }
          ],
          "store_path": "/nix/store/8ycx83hg9ba53hmlgq9qcfnm5yikd70j-gtk+3-3.24.52"
        }
      }
    },
    "imagemagick@latest": {
      "last_modified": "2026-04-23T13:07:47Z",
      "resolved": "github:NixOS/nixpkgs/01fbdeef22b76df85ea168fbfe1bfd9e63681b30#imagemagick",
      "source": "devbox-search",
      "version": "7.1.2-19",
      "systems": {
        "aarch64-darwin": {
          "outputs": [
            {
              "name": "out",
              "path": "/nix/store/wpzigcx7gxjlwwp37zarhvd3bqa80b8c-imagemagick-7.1.2-19",
              "default": true
            },
            {
              "name": "doc",
              "path": "/nix/store/nbsq26ilsasp7q30yi1a0wg7gphas4yd-imagemagick-7.1.2-19-doc"
            },
            {
              "name": "dev",
              "path": "/nix/store/5aqqkdj4f73paq3g2j4w4hzzr761ikxl-imagemagick-7.1.2-19-dev"
            }
          ],
          "store_path": "/nix/store/wpzigcx7gxjlwwp37zarhvd3bqa80b8c-imagemagick-7.1.2-19"
        },
        "aarch64-linux": {
          "outputs": [
            {
              "name": "out",
              "path": "/nix/store/fwzsk0k739njgrc6akds0gb9dlf35c7j-imagemagick-7.1.2-19",
              "default": true
            },
            {
              "name": "dev",
              "path": "/nix/store/cbix8xr3hapw0gxnb9frs03pmk4qwg03-imagemagick-7.1.2-19-dev"
            },
            {
              "name": "doc",
              "path": "/nix/store/0n8il9kwbiz0iv7v5i2lqgq0b74ysabl-imagemagick-7.1.2-19-doc"
            }
          ],
          "store_path": "/nix/store/fwzsk0k739njgrc6akds0gb9dlf35c7j-imagemagick-7.1.2-19"
        },
        "x86_64-darwin": {
          "outputs": [
            {
              "name": "out",
              "path": "/nix/store/gg9cl0mxb1imfdswpfizk5dj7zrxrwh6-imagemagick-7.1.2-19",
              "default": true
            },
            {
              "name": "dev",
              "path": "/nix/store/lgixyf4qclp6bcm6z76ffpjmzlhvxa4l-imagemagick-7.1.2-19-dev"
            },
            {
              "name": "doc",
              "path": "/nix/store/8lbb1bszlsbva3j87k24vmgznd8lnfzr-imagemagick-7.1.2-19-doc"
            }
          ],
          "store_path": "/nix/store/gg9cl0mxb1imfdswpfizk5dj7zrxrwh6-imagemagick-7.1.2-19"
        },
        "x86_64-linux": {
          "outputs": [
            {
              "name": "out",
              "path": "/nix/store/pjcg9z9zj4hqa7y8jjgsx06rc31q6r8s-imagemagick-7.1.2-19",
              "default": true
            },
            {
              "name": "dev",
              "path": "/nix/store/hn59rqwq5j0z7l13yns903l6ibylwz1g-imagemagick-7.1.2-19-dev"
            },
            {
              "name": "doc",
              "path": "/nix/store/ynxxq1m4789p30i1g8qjlkm9lp80h9c0-imagemagick-7.1.2-19-doc"
            }
          ],
          "store_path": "/nix/store/pjcg9z9zj4hqa7y8jjgsx06rc31q6r8s-imagemagick-7.1.2-19"
        }
      }
    },
    "kind@latest": {
      "last_modified": "2026-04-23T13:07:47Z",
      "resolved": "github:NixOS/nixpkgs/01fbdeef22b76df85ea168fbfe1bfd9e63681b30#kind",
      "source": "devbox-search",
      "version": "0.31.0",
      "systems": {
        "aarch64-darwin": {
          "outputs": [
            {
              "name": "out",
              "path": "/nix/store/fywhk0y82zwlrfafmimyms7660q9bqrm-kind-0.31.0",
              "default": true
            }
          ],
          "store_path": "/nix/store/fywhk0y82zwlrfafmimyms7660q9bqrm-kind-0.31.0"
        },
        "aarch64-linux": {
          "outputs": [
            {
              "name": "out",
              "path": "/nix/store/j4bx0jvpkxm48h5c0dnzkzsg9m8aghza-kind-0.31.0",
              "default": true
            }
          ],
          "store_path": "/nix/store/j4bx0jvpkxm48h5c0dnzkzsg9m8aghza-kind-0.31.0"
        },
        "x86_64-darwin": {
          "outputs": [
            {
              "name": "out",
              "path": "/nix/store/cz5xwcp1lv0ziazwl4ndmsq2wpmfx2vc-kind-0.31.0",
              "default": true
            }
          ],
          "store_path": "/nix/store/cz5xwcp1lv0ziazwl4ndmsq2wpmfx2vc-kind-0.31.0"
        },
        "x86_64-linux": {
          "outputs": [
            {
              "name": "out",
              "path": "/nix/store/v0imzwg6qdg2pwl1xmwxmz2vkz1i4xag-kind-0.31.0",
              "default": true
            }
          ],
          "store_path": "/nix/store/v0imzwg6qdg2pwl1xmwxmz2vkz1i4xag-kind-0.31.0"
        }
      }
    },
    "kubectl@latest": {
      "last_modified": "2026-04-23T13:07:47Z",
      "resolved": "github:NixOS/nixpkgs/01fbdeef22b76df85ea168fbfe1bfd9e63681b30#kubectl",
      "source": "devbox-search",
      "version": "1.35.4",
      "systems": {
        "aarch64-darwin": {
          "outputs": [
            {
              "name": "out",
              "path": "/nix/store/9wknq282v46jz741ch4m0992fpdfc35a-kubectl-1.35.4",
              "default": true
            },
            {
              "name": "man",
              "path": "/nix/store/pgfxvvcnrqkg2k25cnn31xvnvjgx2x99-kubectl-1.35.4-man",
              "default": true
            },
            {
              "name": "convert",
              "path": "/nix/store/8jbbzbpwsw24g7dic6adwc1ljx4ji07z-kubectl-1.35.4-convert"
            }
          ],
          "store_path": "/nix/store/9wknq282v46jz741ch4m0992fpdfc35a-kubectl-1.35.4"
        },
        "aarch64-linux": {
          "outputs": [
            {
              "name": "out",
              "path": "/nix/store/g7vvbxhi8qzxc4dgiw9j56ibwjzd7fn0-kubectl-1.35.4",
              "default": true
            },
            {
              "name": "man",
              "path": "/nix/store/q0bixq0fpm2rzm78xzyi115bwqdwli4b-kubectl-1.35.4-man",
              "default": true
            },
            {
              "name": "convert",
              "path": "/nix/store/ihbgz5301q7lhjhrz7mp71b70vl4byfr-kubectl-1.35.4-convert"
            }
          ],
          "store_path": "/nix/store/g7vvbxhi8qzxc4dgiw9j56ibwjzd7fn0-kubectl-1.35.4"
        },
        "x86_64-darwin": {
          "outputs": [
            {
              "name": "out",
              "path": "/nix/store/qfrvi1izlz7fdgvbgiaczgn1wkylnv0s-kubectl-1.35.4",
              "default": true
            },
            {
              "name": "man",
              "path": "/nix/store/ylz0qh0n3pn5mdk8c7wwwqz0wwnlmzy1-kubectl-1.35.4-man",
              "default": true
            },
            {
              "name": "convert",
              "path": "/nix/store/msb87kmykd8caw8b8x7742d1lslckgr4-kubectl-1.35.4-convert"
            }
          ],
          "store_path": "/nix/store/qfrvi1izlz7fdgvbgiaczgn1wkylnv0s-kubectl-1.35.4"
        },
        "x86_64-linux": {
          "outputs": [
            {
              "name": "out",
              "path": "/nix/store/03yalj5nv3fsg1rg7h6bf5nk96diywck-kubectl-1.35.4",
              "default": true
            },
            {
              "name": "man",
              "path": "/nix/store/dswmnbzm8c0xs51z0qp0ffnip94d82xn-kubectl-1.35.4-man",
              "default": true
            },
            {
              "name": "convert",
              "path": "/nix/store/5ynyvn6nhflqcljllbhyn85si2kwkm15-kubectl-1.35.4-convert"
            }
          ],
          "store_path": "/nix/store/03yalj5nv3fsg1rg7h6bf5nk96diywck-kubectl-1.35.4"
        }
      }
    },
    "kubernetes-helm@latest": {
      "last_modified": "2026-04-23T13:07:47Z",
      "resolved": "github:NixOS/nixpkgs/01fbdeef22b76df85ea168fbfe1bfd9e63681b30#kubernetes-helm",
      "source": "devbox-search",
      "version": "3.20.2",
      "systems": {
        "aarch64-darwin": {
          "outputs": [
            {
              "name": "out",
              "path": "/nix/store/aa9sfjsr2w4g8xg6n9jznh18wvan4bwm-kubernetes-helm-3.20.2",
              "default": true
            }
          ],
          "store_path": "/nix/store/aa9sfjsr2w4g8xg6n9jznh18wvan4bwm-kubernetes-helm-3.20.2"
        },
        "aarch64-linux": {
          "outputs": [
            {
              "name": "out",
              "path": "/nix/store/wl1mr80ci6hj5x6nscdxqcalw2ppjf2r-kubernetes-helm-3.20.2",
              "default": true
            }
          ],
          "store_path": "/nix/store/wl1mr80ci6hj5x6nscdxqcalw2ppjf2r-kubernetes-helm-3.20.2"
        },
        "x86_64-darwin": {
          "outputs": [
            {
              "name": "out",
              "path": "/nix/store/4b3hmzwr3ydsc9gh7rv665bgp4qf2n7z-kubernetes-helm-3.20.2",
              "default": true
            }
          ],
          "store_path": "/nix/store/4b3hmzwr3ydsc9gh7rv665bgp4qf2n7z-kubernetes-helm-3.20.2"
        },
        "x86_64-linux": {
          "outputs": [
            {
              "name": "out",
              "path": "/nix/store/2qwwk0cxj9qx9c79hdhja4s4wmzikia5-kubernetes-helm-3.20.2",
              "default": true
            }
          ],
          "store_path": "/nix/store/2qwwk0cxj9qx9c79hdhja4s4wmzikia5-kubernetes-helm-3.20.2"
        }
      }
    },
    "nodejs_22@latest": {
      "last_modified": "2026-03-07T23:46:50Z",
      "plugin_version": "0.0.2",
      "resolved": "github:NixOS/nixpkgs/0e6cdd5be64608ef630c2e41f8d51d484468492f#nodejs_22",
      "source": "devbox-search",
      "version": "22.22.1",
      "systems": {
        "aarch64-darwin": {
          "outputs": [
            {
              "name": "out",
              "path": "/nix/store/wdx9p4gghi0sls24f5hn8145cpzjqj43-nodejs-22.22.1",
              "default": true
            }
          ],
          "store_path": "/nix/store/wdx9p4gghi0sls24f5hn8145cpzjqj43-nodejs-22.22.1"
        },
        "aarch64-linux": {
          "outputs": [
            {
              "name": "out",
              "path": "/nix/store/glbfk71nc2rx4c1m5zcjhs8jg5wb6lj8-nodejs-22.22.1",
              "default": true
            }
          ],
          "store_path": "/nix/store/glbfk71nc2rx4c1m5zcjhs8jg5wb6lj8-nodejs-22.22.1"
        },
        "x86_64-darwin": {
          "outputs": [
            {
              "name": "out",
              "path": "/nix/store/3xnw8sh8i30b4pfpryrj3f572kkmzcim-nodejs-22.22.1",
              "default": true
            }
          ],
          "store_path": "/nix/store/3xnw8sh8i30b4pfpryrj3f572kkmzcim-nodejs-22.22.1"
        },
        "x86_64-linux": {
          "outputs": [
            {
              "name": "out",
              "path": "/nix/store/gi0p7azcixb20pddx39k5mwnkj6xl4bz-nodejs-22.22.1",
              "default": true
            }
          ],
          "store_path": "/nix/store/gi0p7azcixb20pddx39k5mwnkj6xl4bz-nodejs-22.22.1"
        }
      }
    },
    "pkg-config@latest": {
      "last_modified": "2025-11-23T21:50:36Z",
      "resolved": "github:NixOS/nixpkgs/ee09932cedcef15aaf476f9343d1dea2cb77e261#pkg-config",
      "source": "devbox-search",
      "version": "0.29.2",
      "systems": {
        "aarch64-darwin": {
          "outputs": [
            {
              "name": "out",
              "path": "/nix/store/hygaaqwk9ylklp0ybwppqhw75nz8ya41-pkg-config-wrapper-0.29.2",
              "default": true
            },
            {
              "name": "man",
              "path": "/nix/store/9px0sji43x3r2w4zxl3j3idwsql7lwxx-pkg-config-wrapper-0.29.2-man",
              "default": true
            },
            {
              "name": "doc",
              "path": "/nix/store/hqk44ra6qxw7iixardl6c3hdgb9kq6ns-pkg-config-wrapper-0.29.2-doc"
            }
          ],
          "store_path": "/nix/store/hygaaqwk9ylklp0ybwppqhw75nz8ya41-pkg-config-wrapper-0.29.2"
        },
        "aarch64-linux": {
          "outputs": [
            {
              "name": "out",
              "path": "/nix/store/lbiigi8qbp7mzf1lpr7p982l1kyf01ql-pkg-config-wrapper-0.29.2",
              "default": true
            },
            {
              "name": "man",
              "path": "/nix/store/10060k24qggqyzlwdsfmni9y32zxcg0j-pkg-config-wrapper-0.29.2-man",
              "default": true
            },
            {
              "name": "doc",
              "path": "/nix/store/0y4v51ndpyvkj09hwlfqkz0c3h17zfmc-pkg-config-wrapper-0.29.2-doc"
            }
          ],
          "store_path": "/nix/store/lbiigi8qbp7mzf1lpr7p982l1kyf01ql-pkg-config-wrapper-0.29.2"
        },
        "x86_64-darwin": {
          "outputs": [
            {
              "name": "out",
              "path": "/nix/store/vknadizq0q5kffvx6y4379p9gdry9zq3-pkg-config-wrapper-0.29.2",
              "default": true
            },
            {
              "name": "man",
              "path": "/nix/store/1nyspra675q22gfhf7hn2nmfpi6rgim5-pkg-config-wrapper-0.29.2-man",
              "default": true
            },
            {
              "name": "doc",
              "path": "/nix/store/7lq1axxwrafwljs06n88bzyz9w523rkc-pkg-config-wrapper-0.29.2-doc"
            }
          ],
          "store_path": "/nix/store/vknadizq0q5kffvx6y4379p9gdry9zq3-pkg-config-wrapper-0.29.2"
        },
        "x86_64-linux": {
          "outputs": [
            {
              "name": "out",
              "path": "/nix/store/8vdiwpbh0g4avsd6x5v4s0di32vcl3dp-pkg-config-wrapper-0.29.2",
              "default": true
            },
            {
              "name": "man",
              "path": "/nix/store/j9xfpnrygg3v37svc5pfin9q5bm49r94-pkg-config-wrapper-0.29.2-man",
              "default": true
            },
            {
              "name": "doc",
              "path": "/nix/store/x3bypxdxaq20kykybhkf21x4jczsiy8y-pkg-config-wrapper-0.29.2-doc"
            }
          ],
          "store_path": "/nix/store/8vdiwpbh0g4avsd6x5v4s0di32vcl3dp-pkg-config-wrapper-0.29.2"
        }
      }
    },
    "watchexec@latest": {
      "last_modified": "2026-03-21T07:29:51Z",
      "resolved": "github:NixOS/nixpkgs/09061f748ee21f68a089cd5d91ec1859cd93d0be#watchexec",
      "source": "devbox-search",
      "version": "2.3.2",
      "systems": {
        "aarch64-darwin": {
          "outputs": [
            {
              "name": "out",
              "path": "/nix/store/8by7n5gg94dc34hgnhz8rc11mrk6k1la-watchexec-2.3.2",
              "default": true
            }
          ],
          "store_path": "/nix/store/8by7n5gg94dc34hgnhz8rc11mrk6k1la-watchexec-2.3.2"
        },
        "aarch64-linux": {
          "outputs": [
            {
              "name": "out",
              "path": "/nix/store/95n815ab58xs07vvywp07yrghvh046qk-watchexec-2.3.2",
              "default": true
            }
          ],
          "store_path": "/nix/store/95n815ab58xs07vvywp07yrghvh046qk-watchexec-2.3.2"
        },
        "x86_64-darwin": {
          "outputs": [
            {
              "name": "out",
              "path": "/nix/store/7sb6fbl15xyyv8r3z3idgqlnhcgqkv2m-watchexec-2.3.2",
              "default": true
            }
          ],
          "store_path": "/nix/store/7sb6fbl15xyyv8r3z3idgqlnhcgqkv2m-watchexec-2.3.2"
        },
        "x86_64-linux": {
          "outputs": [
            {
              "name": "out",
              "path": "/nix/store/hp6rarchx58b998kybcs6ki8gb86i5lk-watchexec-2.3.2",
              "default": true
            }
          ],
          "store_path": "/nix/store/hp6rarchx58b998kybcs6ki8gb86i5lk-watchexec-2.3.2"
        }
      }
    },
    "webkitgtk_4_1@latest": {
      "last_modified": "2026-04-30T11:26:30Z",
      "resolved": "github:NixOS/nixpkgs/7aaa00e7cc9be6c316cb5f6617bd740dd435c59d#webkitgtk_4_1",
      "source": "devbox-search",
      "version": "2.52.3+abi=4.1",
      "systems": {
        "aarch64-linux": {
          "outputs": [
            {
              "name": "out",
              "path": "/nix/store/hic41wd58pp1ifc4l4gazkvv6l30k7gi-webkitgtk-2.52.3+abi=4.1",
              "default": true
            },
            {
              "name": "debug",
              "path": "/nix/store/bn4wz5xhxy5p9gr4vrnrdb9h3dn2a8mi-webkitgtk-2.52.3+abi=4.1-debug"
            },
            {
              "name": "dev",
              "path": "/nix/store/2vr019pyba70xdfg22j8979bkppay8dv-webkitgtk-2.52.3+abi=4.1-dev"
            },
            {
              "name": "devdoc",
              "path": "/nix/store/60za4jykl1k9wl4iiarkm69zw34j9gig-webkitgtk-2.52.3+abi=4.1-devdoc"
            }
          ],
          "store_path": "/nix/store/hic41wd58pp1ifc4l4gazkvv6l30k7gi-webkitgtk-2.52.3+abi=4.1"
        },
        "x86_64-linux": {
          "outputs": [
            {
              "name": "out",
              "path": "/nix/store/nrmz5y0i49qmbj40na6piya3kzcc3g36-webkitgtk-2.52.3+abi=4.1",
              "default": true
            },
            {
              "name": "dev",
              "path": "/nix/store/wg2ljd9xlflc04rcpxrllf8iz6hf7ghk-webkitgtk-2.52.3+abi=4.1-dev"
            },
            {
              "name": "devdoc",
              "path": "/nix/store/sk2ca38sn9ddcczanzg20imzslxdly5a-webkitgtk-2.52.3+abi=4.1-devdoc"
            },
            {
              "name": "debug",
              "path": "/nix/store/8j6mph6ymvzj2an64yca9yir4i4hl9x9-webkitgtk-2.52.3+abi=4.1-debug"
            }
          ],
          "store_path": "/nix/store/nrmz5y0i49qmbj40na6piya3kzcc3g36-webkitgtk-2.52.3+abi=4.1"
        }
      }
    },
    "xdotool@latest": {
      "last_modified": "2026-04-23T13:07:47Z",
      "resolved": "github:NixOS/nixpkgs/01fbdeef22b76df85ea168fbfe1bfd9e63681b30#xdotool",
      "source": "devbox-search",
      "version": "3.20211022.1",
      "systems": {
        "aarch64-linux": {
          "outputs": [
            {
              "name": "out",
              "path": "/nix/store/sjg33axklxl2xn7lm4y00cxwb87r9klg-xdotool-3.20211022.1",
              "default": true
            }
          ],
          "store_path": "/nix/store/sjg33axklxl2xn7lm4y00cxwb87r9klg-xdotool-3.20211022.1"
        },
        "x86_64-linux": {
          "outputs": [
            {
              "name": "out",
              "path": "/nix/store/39xp06psy20hnwhxvm1jhh1iksfdqki7-xdotool-3.20211022.1",
              "default": true
            }
          ],
          "store_path": "/nix/store/39xp06psy20hnwhxvm1jhh1iksfdqki7-xdotool-3.20211022.1"
        }
      }
    },
    "xorg.xorgserver@latest": {
      "last_modified": "2026-01-23T17:20:52Z",
      "resolved": "github:NixOS/nixpkgs/a1bab9e494f5f4939442a57a58d0449a109593fe#xorg.xorgserver",
      "source": "devbox-search",
      "version": "21.1.21",
      "systems": {
        "aarch64-darwin": {
          "outputs": [
            {
              "name": "out",
              "path": "/nix/store/75p8mc7x4ispc3rv53ihzc12bxdknknd-xorg-server-21.1.21",
              "default": true
            },
            {
              "name": "dev",
              "path": "/nix/store/rx2f8nzkjpnkh7pqb9zd870j6i90qq92-xorg-server-21.1.21-dev"
            }
          ],
          "store_path": "/nix/store/75p8mc7x4ispc3rv53ihzc12bxdknknd-xorg-server-21.1.21"
        },
        "aarch64-linux": {
          "outputs": [
            {
              "name": "out",
              "path": "/nix/store/4bhis5784f8r59sbrjvkkd6icvbap91n-xorg-server-21.1.21",
              "default": true
            },
            {
              "name": "dev",
              "path": "/nix/store/ky4xb7ivf4i7i46w0lx6yf0wcj07drjx-xorg-server-21.1.21-dev"
            }
          ],
          "store_path": "/nix/store/4bhis5784f8r59sbrjvkkd6icvbap91n-xorg-server-21.1.21"
        },
        "x86_64-darwin": {
          "outputs": [
            {
              "name": "out",
              "path": "/nix/store/yjnby2dvgjly1d5lk5450xqhyvhz3xmd-xorg-server-21.1.21",
              "default": true
            },
            {
              "name": "dev",
              "path": "/nix/store/bsivsmm9gsglf6jnjj0gq4gz8mplngnp-xorg-server-21.1.21-dev"
            }
          ],
          "store_path": "/nix/store/yjnby2dvgjly1d5lk5450xqhyvhz3xmd-xorg-server-21.1.21"
        },
        "x86_64-linux": {
          "outputs": [
            {
              "name": "out",
              "path": "/nix/store/4ip8dc15r758m8yc30bycq0vxj8ic6yg-xorg-server-21.1.21",
              "default": true
            },
            {
              "name": "dev",
              "path": "/nix/store/gkjzmw807dwnd11kh9pxrj6nvhjgh9hf-xorg-server-21.1.21-dev"
            }
          ],
          "store_path": "/nix/store/4ip8dc15r758m8yc30bycq0vxj8ic6yg-xorg-server-21.1.21"
        }
      }
    }
  }
}
