{
  "name": "renovacy-npm-fixture",
  "version": "0.0.1",
  "lockfileVersion": 3,
  "requires": true,
  "packages": {
    "": {
      "name": "renovacy-npm-fixture",
      "version": "0.0.1",
      "dependencies": {
        "axios": "0.21.1",
        "lodash": "4.17.4",
        "node-ipc": "10.1.1"
      }
    },
    "node_modules/axios": {
      "version": "0.21.1",
      "resolved": "https://registry.npmjs.org/axios/-/axios-0.21.1.tgz",
      "integrity": "sha512-dKQiRHxGD9PPRIUNIWvZhPTPpl1rf/OxTYKsqKUDjBwYylTvV7SjSHJb9ratfyzM6wCdLCOYLzs73qpg5c4iGA==",
      "dependencies": {
        "follow-redirects": "^1.10.0"
      }
    },
    "node_modules/follow-redirects": {
      "version": "1.14.0",
      "resolved": "https://registry.npmjs.org/follow-redirects/-/follow-redirects-1.14.0.tgz",
      "integrity": "sha512-zwGkiSXC1MUJG/qmeIFH2HBJx9u0V46QGUe3YR1fXG8bXQxq7fLj0RjLZQ5nubr9qNJUZrH+xUcwXEoXNpfS+g=="
    },
    "node_modules/lodash": {
      "version": "4.17.4",
      "resolved": "https://registry.npmjs.org/lodash/-/lodash-4.17.4.tgz",
      "integrity": "sha512-6X37Sq9KCpLSXEh8uM12AKYlviHPNNk4RxiGBn4cmKGJinbXBneWIV7iE/nXkM928O7ytHcHb6+X6Svl0f4hXg=="
    },
    "node_modules/node-ipc": {
      "version": "10.1.1",
      "resolved": "https://registry.npmjs.org/node-ipc/-/node-ipc-10.1.1.tgz",
      "integrity": "sha512-7v6FDXRtBHmRMxxJ6+lhWHzeKNBlNS5p4FBdGePV0Q5/xc3PXmIBkO9k0Q1KP6QSe6bGHsTBwHA8KkBpzNXmJg==",
      "dependencies": {
        "@achrinza/event-pubsub": "5.0.5",
        "@node-ipc/js-queue": "2.0.3",
        "event-pubsub": "4.3.0",
        "js-message": "1.0.7",
        "js-queue": "2.0.2"
      }
    }
  }
}
